// !$*UTF8*$!
{
	archiveVersion = 1;
	classes = {
	};
	objectVersion = 46;
	objects = {

/* Begin PBXFileReference section */
		B4059CF51D981B3A00062C64 /* sports_results.py */ = {isa = PBXFileReference; fileEncoding = 4; lastKnownFileType = text.script.python; path = sports_results.py; sourceTree = "<group>"; };
		B429619C1DA4C11C003B43D6 /* update_scores.py */ = {isa = PBXFileReference; fileEncoding = 4; lastKnownFileType = text.script.python; path = update_scores.py; sourceTree = "<group>"; };
		B4C60DC11D923E6300D30ABD /* daily_announcements.py */ = {isa = PBXFileReference; fileEncoding = 4; lastKnownFileType = text.script.python; path = daily_announcements.py; sourceTree = "<group>"; };
		B4F763051D9D469100103D18 /* everything.py */ = {isa = PBXFileReference; fileEncoding = 4; lastKnownFileType = text.script.python; path = everything.py; sourceTree = "<group>"; };
		B4F8E3331DA02FE3001BD91C /* breakline_function.py */ = {isa = PBXFileReference; fileEncoding = 4; lastKnownFileType = text.script.python; path = breakline_function.py; sourceTree = "<group>"; };
		B4FEFD741D7CDD63001F0073 /* update_daily_announcements_excel.py */ = {isa = PBXFileReference; fileEncoding = 4; lastKnownFileType = text.script.python; path = update_daily_announcements_excel.py; sourceTree = "<group>"; };
/* End PBXFileReference section */

/* Begin PBXGroup section */
		B4C65C371D7CCCE30043ECCA = {
			isa = PBXGroup;
			children = (
				B4FEFD741D7CDD63001F0073 /* update_daily_announcements_excel.py */,
				B4F8E3331DA02FE3001BD91C /* breakline_function.py */,
				B4059CF51D981B3A00062C64 /* sports_results.py */,
				B429619C1DA4C11C003B43D6 /* update_scores.py */,
				B4C60DC11D923E6300D30ABD /* daily_announcements.py */,
				B4F763051D9D469100103D18 /* everything.py */,
			);
			sourceTree = "<group>";
		};
/* End PBXGroup section */

/* Begin PBXLegacyTarget section */
		B4C65C3C1D7CCCE30043ECCA /* newsapp_sheet */ = {
			isa = PBXLegacyTarget;
			buildArgumentsString = "$(ACTION)";
			buildConfigurationList = B4C65C3F1D7CCCE30043ECCA /* Build configuration list for PBXLegacyTarget "newsapp_sheet" */;
			buildPhases = (
			);
			buildToolPath = /usr/bin/python;
			dependencies = (
			);
			name = newsapp_sheet;
			passBuildSettingsInEnvironment = 1;
			productName = newsapp_sheet;
		};
/* End PBXLegacyTarget section */

/* Begin PBXProject section */
		B4C65C381D7CCCE30043ECCA /* Project object */ = {
			isa = PBXProject;
			attributes = {
				LastUpgradeCheck = 0730;
				ORGANIZATIONNAME = "Clayton Hebert";
				TargetAttributes = {
					B4C65C3C1D7CCCE30043ECCA = {
						CreatedOnToolsVersion = 7.3.1;
					};
				};
			};
			buildConfigurationList = B4C65C3B1D7CCCE30043ECCA /* Build configuration list for PBXProject "newsapp_sheet" */;
			compatibilityVersion = "Xcode 3.2";
			developmentRegion = English;
			hasScannedForEncodings = 0;
			knownRegions = (
				en,
			);
			mainGroup = B4C65C371D7CCCE30043ECCA;
			projectDirPath = "";
			projectRoot = "";
			targets = (
				B4C65C3C1D7CCCE30043ECCA /* newsapp_sheet */,
			);
		};
/* End PBXProject section */

/* Begin XCBuildConfiguration section */
		B4C65C3D1D7CCCE30043ECCA /* Debug */ = {
			isa = XCBuildConfiguration;
			buildSettings = {
				ALWAYS_SEARCH_USER_PATHS = NO;
				CLANG_ANALYZER_NONNULL = YES;
				CLANG_CXX_LANGUAGE_STANDARD = "gnu++0x";
				CLANG_CXX_LIBRARY = "libc++";
				CLANG_ENABLE_MODULES = YES;
				CLANG_ENABLE_OBJC_ARC = YES;
				CLANG_WARN_BOOL_CONVERSION = YES;
				CLANG_WARN_CONSTANT_CONVERSION = YES;
				CLANG_WARN_DIRECT_OBJC_ISA_USAGE = YES_ERROR;
				CLANG_WARN_EMPTY_BODY = YES;
				CLANG_WARN_ENUM_CONVERSION = YES;
				CLANG_WARN_INT_CONVERSION = YES;
				CLANG_WARN_OBJC_ROOT_CLASS = YES_ERROR;
				CLANG_WARN_UNREACHABLE_CODE = YES;
				CLANG_WARN__DUPLICATE_METHOD_MATCH = YES;
				COPY_PHASE_STRIP = NO;
				DEBUG_INFORMATION_FORMAT = dwarf;
				ENABLE_STRICT_OBJC_MSGSEND = YES;
				ENABLE_TESTABILITY = YES;
				GCC_C_LANGUAGE_STANDARD = gnu99;
				GCC_DYNAMIC_NO_PIC = NO;
				GCC_NO_COMMON_BLOCKS = YES;
				GCC_OPTIMIZATION_LEVEL = 0;
				GCC_PREPROCESSOR_DEFINITIONS = (
					"DEBUG=1",
					"$(inherited)",
				);
				GCC_WARN_64_TO_32_BIT_CONVERSION = YES;
				GCC_WARN_ABOUT_RETURN_TYPE = YES_ERROR;
				GCC_WARN_UNDECLARED_SELECTOR = YES;
				GCC_WARN_UNINITIALIZED_AUTOS = YES_AGGRESSIVE;
				GCC_WARN_UNUSED_FUNCTION = YES;
				GCC_WARN_UNUSED_VARIABLE = YES;
				MTL_ENABLE_DEBUG_INFO = YES;
				ONLY_ACTIVE_ARCH = YES;
			};
			name = Debug;
		};
		B4C65C3E1D7CCCE30043ECCA /* Release */ = {
			isa = XCBuildConfiguration;
			buildSettings = {
				ALWAYS_SEARCH_USER_PATHS = NO;
				CLANG_ANALYZER_NONNULL = YES;
				CLANG_CXX_LANGUAGE_STANDARD = "gnu++0x";
				CLANG_CXX_LIBRARY = "libc++";
				CLANG_ENABLE_MODULES = YES;
				CLANG_ENABLE_OBJC_ARC = YES;
				CLANG_WARN_BOOL_CONVERSION = YES;
				CLANG_WARN_CONSTANT_CONVERSION = YES;
				CLANG_WARN_DIRECT_OBJC_ISA_USAGE = YES_ERROR;
				CLANG_WARN_EMPTY_BODY = YES;
				CLANG_WARN_ENUM_CONVERSION = YES;
				CLANG_WARN_INT_CONVERSION = YES;
				CLANG_WARN_OBJC_ROOT_CLASS = YES_ERROR;
				CLANG_WARN_UNREACHABLE_CODE = YES;
				CLANG_WARN__DUPLICATE_METHOD_MATCH = YES;
				COPY_PHASE_STRIP = NO;
				DEBUG_INFORMATION_FORMAT = "dwarf-with-dsym";
				ENABLE_NS_ASSERTIONS = NO;
				ENABLE_STRICT_OBJC_MSGSEND = YES;
				GCC_C_LANGUAGE_STANDARD = gnu99;
				GCC_NO_COMMON_BLOCKS = YES;
				GCC_WARN_64_TO_32_BIT_CONVERSION = YES;
				GCC_WARN_ABOUT_RETURN_TYPE = YES_ERROR;
				GCC_WARN_UNDECLARED_SELECTOR = YES;
				GCC_WARN_UNINITIALIZED_AUTOS = YES_AGGRESSIVE;
				GCC_WARN_UNUSED_FUNCTION = YES;
				GCC_WARN_UNUSED_VARIABLE = YES;
				MTL_ENABLE_DEBUG_INFO = NO;
			};
			name = Release;
		};
		B4C65C401D7CCCE30043ECCA /* Debug */ = {
			isa = XCBuildConfiguration;
			buildSettings = {
				DEBUGGING_SYMBOLS = YES;
				DEBUG_INFORMATION_FORMAT = dwarf;
				GCC_GENERATE_DEBUGGING_SYMBOLS = YES;
				GCC_OPTIMIZATION_LEVEL = 0;
				OTHER_CFLAGS = "";
				OTHER_LDFLAGS = "";
				PRODUCT_NAME = "$(TARGET_NAME)";
			};
			name = Debug;
		};
		B4C65C411D7CCCE30043ECCA /* Release */ = {
			isa = XCBuildConfiguration;
			buildSettings = {
				DEBUG_INFORMATION_FORMAT = "dwarf-with-dsym";
				OTHER_CFLAGS = "";
				OTHER_LDFLAGS = "";
				PRODUCT_NAME = "$(TARGET_NAME)";
			};
			name = Release;
		};
/* End XCBuildConfiguration section */

/* Begin XCConfigurationList section */
		B4C65C3B1D7CCCE30043ECCA /* Build configuration list for PBXProject "newsapp_sheet" */ = {
			isa = XCConfigurationList;
			buildConfigurations = (
				B4C65C3D1D7CCCE30043ECCA /* Debug */,
				B4C65C3E1D7CCCE30043ECCA /* Release */,
			);
			defaultConfigurationIsVisible = 0;
			defaultConfigurationName = Release;
		};
		B4C65C3F1D7CCCE30043ECCA /* Build configuration list for PBXLegacyTarget "newsapp_sheet" */ = {
			isa = XCConfigurationList;
			buildConfigurations = (
				B4C65C401D7CCCE30043ECCA /* Debug */,
				B4C65C411D7CCCE30043ECCA /* Release */,
			);
			defaultConfigurationIsVisible = 0;
			defaultConfigurationName = Release;
		};
/* End XCConfigurationList section */
	};
	rootObject = B4C65C381D7CCCE30043ECCA /* Project object */;
}
